
Microsoft Visual Studio Solution File, Format Version 12.00
# Visual Studio 14
VisualStudioVersion = 14.0.24720.0
MinimumVisualStudioVersion = 10.0.40219.1
Project("{FAE04EC0-301F-11D3-BF4B-00C04F79EFBC}") = "Application", "Application\Application.csproj", "{3B61C593-1B46-49C3-8328-BA18A328417A}"
EndProject
Project("{FAE04EC0-301F-11D3-BF4B-00C04F79EFBC}") = "ViewModels", "ViewModels\ViewModels.csproj", "{CF484037-0DCF-40C9-96E6-3E7290AC0D61}"
EndProject
Project("{FAE04EC0-301F-11D3-BF4B-00C04F79EFBC}") = "Views", "Views\Views.csproj", "{08E36D32-A2CF-4B63-8497-864F3A2B95BD}"
EndProject
Global
	GlobalSection(SolutionConfigurationPlatforms) = preSolution
		Debug|Any CPU = Debug|Any CPU
		Debug|x86 = Debug|x86
		Release|Any CPU = Release|Any CPU
		Release|x86 = Release|x86
	EndGlobalSection
	GlobalSection(ProjectConfigurationPlatforms) = postSolution
		{3B61C593-1B46-49C3-8328-BA18A328417A}.Debug|Any CPU.ActiveCfg = Debug|Any CPU
		{3B61C593-1B46-49C3-8328-BA18A328417A}.Debug|Any CPU.Build.0 = Debug|Any CPU
		{3B61C593-1B46-49C3-8328-BA18A328417A}.Debug|x86.ActiveCfg = Debug|Any CPU
		{3B61C593-1B46-49C3-8328-BA18A328417A}.Debug|x86.Build.0 = Debug|Any CPU
		{3B61C593-1B46-49C3-8328-BA18A328417A}.Release|Any CPU.ActiveCfg = Release|Any CPU
		{3B61C593-1B46-49C3-8328-BA18A328417A}.Release|Any CPU.Build.0 = Release|Any CPU
		{3B61C593-1B46-49C3-8328-BA18A328417A}.Release|x86.ActiveCfg = Release|Any CPU
		{3B61C593-1B46-49C3-8328-BA18A328417A}.Release|x86.Build.0 = Release|Any CPU
		{CF484037-0DCF-40C9-96E6-3E7290AC0D61}.Debug|Any CPU.ActiveCfg = Debug|Any CPU
		{CF484037-0DCF-40C9-96E6-3E7290AC0D61}.Debug|Any CPU.Build.0 = Debug|Any CPU
		{CF484037-0DCF-40C9-96E6-3E7290AC0D61}.Debug|x86.ActiveCfg = Debug|Any CPU
		{CF484037-0DCF-40C9-96E6-3E7290AC0D61}.Debug|x86.Build.0 = Debug|Any CPU
		{CF484037-0DCF-40C9-96E6-3E7290AC0D61}.Release|Any CPU.ActiveCfg = Release|Any CPU
		{CF484037-0DCF-40C9-96E6-3E7290AC0D61}.Release|Any CPU.Build.0 = Release|Any CPU
		{CF484037-0DCF-40C9-96E6-3E7290AC0D61}.Release|x86.ActiveCfg = Release|Any CPU
		{CF484037-0DCF-40C9-96E6-3E7290AC0D61}.Release|x86.Build.0 = Release|Any CPU
		{08E36D32-A2CF-4B63-8497-864F3A2B95BD}.Debug|Any CPU.ActiveCfg = Debug|Any CPU
		{08E36D32-A2CF-4B63-8497-864F3A2B95BD}.Debug|Any CPU.Build.0 = Debug|Any CPU
		{08E36D32-A2CF-4B63-8497-864F3A2B95BD}.Debug|x86.ActiveCfg = Debug|Any CPU
		{08E36D32-A2CF-4B63-8497-864F3A2B95BD}.Debug|x86.Build.0 = Debug|Any CPU
		{08E36D32-A2CF-4B63-8497-864F3A2B95BD}.Release|Any CPU.ActiveCfg = Release|Any CPU
		{08E36D32-A2CF-4B63-8497-864F3A2B95BD}.Release|Any CPU.Build.0 = Release|Any CPU
		{08E36D32-A2CF-4B63-8497-864F3A2B95BD}.Release|x86.ActiveCfg = Release|Any CPU
		{08E36D32-A2CF-4B63-8497-864F3A2B95BD}.Release|x86.Build.0 = Release|Any CPU
	EndGlobalSection
	GlobalSection(SolutionProperties) = preSolution
		HideSolutionNode = FALSE
	EndGlobalSection
EndGlobal
